
Microsoft Visual Studio Solution File, Format Version 11.00
# Visual Studio 2010
Project("{FAE04EC0-301F-11D3-BF4B-00C04F79EFBC}") = "Unity.RenderStreaming.Sample", "Unity.RenderStreaming.Sample.csproj", "{35957e18-7555-3d35-c350-91addab7dd2a}"
EndProject
Global
	GlobalSection(SolutionConfigurationPlatforms) = preSolution
		Debug|Any CPU = Debug|Any CPU
	EndGlobalSection
	GlobalSection(ProjectConfigurationPlatforms) = postSolution
		{35957e18-7555-3d35-c350-91addab7dd2a}.Debug|Any CPU.ActiveCfg = Debug|Any CPU
		{35957e18-7555-3d35-c350-91addab7dd2a}.Debug|Any CPU.Build.0 = Debug|Any CPU
	EndGlobalSection
	GlobalSection(SolutionProperties) = preSolution
		HideSolutionNode = FALSE
	EndGlobalSection
EndGlobal
